// !$*UTF8*$!
{
	archiveVersion = 1;
	classes = {
	};
	objectVersion = 51;
	objects = {

/* Begin PBXBuildFile section */
		09CCB29024A77C0000EF78EA /* AppDelegate.swift in Sources */ = {isa = PBXBuildFile; fileRef = 09CCB28F24A77C0000EF78EA /* AppDelegate.swift */; };
		09CCB29224A77C0000EF78EA /* SceneDelegate.swift in Sources */ = {isa = PBXBuildFile; fileRef = 09CCB29124A77C0000EF78EA /* SceneDelegate.swift */; };
		09CCB29724A77C0000EF78EA /* Main.storyboard in Resources */ = {isa = PBXBuildFile; fileRef = 09CCB29524A77C0000EF78EA /* Main.storyboard */; };
		09CCB29924A77C0200EF78EA /* Assets.xcassets in Resources */ = {isa = PBXBuildFile; fileRef = 09CCB29824A77C0200EF78EA /* Assets.xcassets */; };
		09CCB29C24A77C0200EF78EA /* LaunchScreen.storyboard in Resources */ = {isa = PBXBuildFile; fileRef = 09CCB29A24A77C0200EF78EA /* LaunchScreen.storyboard */; };
		09CCB2A424A781F900EF78EA /* UsersListController.swift in Sources */ = {isa = PBXBuildFile; fileRef = 09CCB2A324A781F900EF78EA /* UsersListController.swift */; };
		09CCB2A624A7865C00EF78EA /* GitHubUserCell.swift in Sources */ = {isa = PBXBuildFile; fileRef = 09CCB2A524A7865C00EF78EA /* GitHubUserCell.swift */; };
		09CCB2A824A7D6FE00EF78EA /* ServiceManager.swift in Sources */ = {isa = PBXBuildFile; fileRef = 09CCB2A724A7D6FE00EF78EA /* ServiceManager.swift */; };
		09CCB2AA24A7D9E400EF78EA /* Endpoints.swift in Sources */ = {isa = PBXBuildFile; fileRef = 09CCB2A924A7D9E400EF78EA /* Endpoints.swift */; };
		09CCB2AC24A7E91100EF78EA /* UserTableModel.swift in Sources */ = {isa = PBXBuildFile; fileRef = 09CCB2AB24A7E91100EF78EA /* UserTableModel.swift */; };
		09CCB2AE24A7F7D600EF78EA /* UserDetailsModel.swift in Sources */ = {isa = PBXBuildFile; fileRef = 09CCB2AD24A7F7D600EF78EA /* UserDetailsModel.swift */; };
		09CCB2B124A8F09500EF78EA /* DetailsViewController.swift in Sources */ = {isa = PBXBuildFile; fileRef = 09CCB2B024A8F09500EF78EA /* DetailsViewController.swift */; };
		09CCB2B524A913C200EF78EA /* UserSplitViewController.swift in Sources */ = {isa = PBXBuildFile; fileRef = 09CCB2B424A913C200EF78EA /* UserSplitViewController.swift */; };
		09CCB2B724A9567600EF78EA /* Utils.swift in Sources */ = {isa = PBXBuildFile; fileRef = 09CCB2B624A9567600EF78EA /* Utils.swift */; };
		09CCB2B924A9E8D500EF78EA /* InternetConnectionManager.swift in Sources */ = {isa = PBXBuildFile; fileRef = 09CCB2B824A9E8D500EF78EA /* InternetConnectionManager.swift */; };
		09CCB2BB24AA1ED100EF78EA /* String+Extensions.swift in Sources */ = {isa = PBXBuildFile; fileRef = 09CCB2BA24AA1ED100EF78EA /* String+Extensions.swift */; };
		2E13FC46CC3D2734A196296B /* Pods_GitHubUsersApp.framework in Frameworks */ = {isa = PBXBuildFile; fileRef = B633CCA4E52F7C318ACEE960 /* Pods_GitHubUsersApp.framework */; };
/* End PBXBuildFile section */

/* Begin PBXFileReference section */
		09CCB28C24A77C0000EF78EA /* GitHubUsersApp.app */ = {isa = PBXFileReference; explicitFileType = wrapper.application; includeInIndex = 0; path = GitHubUsersApp.app; sourceTree = BUILT_PRODUCTS_DIR; };
		09CCB28F24A77C0000EF78EA /* AppDelegate.swift */ = {isa = PBXFileReference; lastKnownFileType = sourcecode.swift; path = AppDelegate.swift; sourceTree = "<group>"; };
		09CCB29124A77C0000EF78EA /* SceneDelegate.swift */ = {isa = PBXFileReference; lastKnownFileType = sourcecode.swift; path = SceneDelegate.swift; sourceTree = "<group>"; };
		09CCB29624A77C0000EF78EA /* Base */ = {isa = PBXFileReference; lastKnownFileType = file.storyboard; name = Base; path = Base.lproj/Main.storyboard; sourceTree = "<group>"; };
		09CCB29824A77C0200EF78EA /* Assets.xcassets */ = {isa = PBXFileReference; lastKnownFileType = folder.assetcatalog; path = Assets.xcassets; sourceTree = "<group>"; };
		09CCB29B24A77C0200EF78EA /* Base */ = {isa = PBXFileReference; lastKnownFileType = file.storyboard; name = Base; path = Base.lproj/LaunchScreen.storyboard; sourceTree = "<group>"; };
		09CCB29D24A77C0200EF78EA /* Info.plist */ = {isa = PBXFileReference; lastKnownFileType = text.plist.xml; path = Info.plist; sourceTree = "<group>"; };
		09CCB2A324A781F900EF78EA /* UsersListController.swift */ = {isa = PBXFileReference; lastKnownFileType = sourcecode.swift; path = UsersListController.swift; sourceTree = "<group>"; };
		09CCB2A524A7865C00EF78EA /* GitHubUserCell.swift */ = {isa = PBXFileReference; lastKnownFileType = sourcecode.swift; path = GitHubUserCell.swift; sourceTree = "<group>"; };
		09CCB2A724A7D6FE00EF78EA /* ServiceManager.swift */ = {isa = PBXFileReference; lastKnownFileType = sourcecode.swift; path = ServiceManager.swift; sourceTree = "<group>"; };
		09CCB2A924A7D9E400EF78EA /* Endpoints.swift */ = {isa = PBXFileReference; lastKnownFileType = sourcecode.swift; path = Endpoints.swift; sourceTree = "<group>"; };
		09CCB2AB24A7E91100EF78EA /* UserTableModel.swift */ = {isa = PBXFileReference; lastKnownFileType = sourcecode.swift; path = UserTableModel.swift; sourceTree = "<group>"; };
		09CCB2AD24A7F7D600EF78EA /* UserDetailsModel.swift */ = {isa = PBXFileReference; lastKnownFileType = sourcecode.swift; path = UserDetailsModel.swift; sourceTree = "<group>"; };
		09CCB2B024A8F09500EF78EA /* DetailsViewController.swift */ = {isa = PBXFileReference; lastKnownFileType = sourcecode.swift; path = DetailsViewController.swift; sourceTree = "<group>"; };
		09CCB2B424A913C200EF78EA /* UserSplitViewController.swift */ = {isa = PBXFileReference; lastKnownFileType = sourcecode.swift; path = UserSplitViewController.swift; sourceTree = "<group>"; };
		09CCB2B624A9567600EF78EA /* Utils.swift */ = {isa = PBXFileReference; lastKnownFileType = sourcecode.swift; path = Utils.swift; sourceTree = "<group>"; };
		09CCB2B824A9E8D500EF78EA /* InternetConnectionManager.swift */ = {isa = PBXFileReference; lastKnownFileType = sourcecode.swift; path = InternetConnectionManager.swift; sourceTree = "<group>"; };
		09CCB2BA24AA1ED100EF78EA /* String+Extensions.swift */ = {isa = PBXFileReference; lastKnownFileType = sourcecode.swift; path = "String+Extensions.swift"; sourceTree = "<group>"; };
		7910AFE56D8F12BC205AC582 /* Pods-GitHubUsersApp.release.xcconfig */ = {isa = PBXFileReference; includeInIndex = 1; lastKnownFileType = text.xcconfig; name = "Pods-GitHubUsersApp.release.xcconfig"; path = "Target Support Files/Pods-GitHubUsersApp/Pods-GitHubUsersApp.release.xcconfig"; sourceTree = "<group>"; };
		B633CCA4E52F7C318ACEE960 /* Pods_GitHubUsersApp.framework */ = {isa = PBXFileReference; explicitFileType = wrapper.framework; includeInIndex = 0; path = Pods_GitHubUsersApp.framework; sourceTree = BUILT_PRODUCTS_DIR; };
		F87FA36E00396DF264F63EE6 /* Pods-GitHubUsersApp.debug.xcconfig */ = {isa = PBXFileReference; includeInIndex = 1; lastKnownFileType = text.xcconfig; name = "Pods-GitHubUsersApp.debug.xcconfig"; path = "Target Support Files/Pods-GitHubUsersApp/Pods-GitHubUsersApp.debug.xcconfig"; sourceTree = "<group>"; };
/* End PBXFileReference section */

/* Begin PBXFrameworksBuildPhase section */
		09CCB28924A77C0000EF78EA /* Frameworks */ = {
			isa = PBXFrameworksBuildPhase;
			buildActionMask = 2147483647;
			files = (
				2E13FC46CC3D2734A196296B /* Pods_GitHubUsersApp.framework in Frameworks */,
			);
			runOnlyForDeploymentPostprocessing = 0;
		};
/* End PBXFrameworksBuildPhase section */

/* Begin PBXGroup section */
		09CCB28324A77C0000EF78EA = {
			isa = PBXGroup;
			children = (
				09CCB28E24A77C0000EF78EA /* GitHubUsersApp */,
				09CCB28D24A77C0000EF78EA /* Products */,
				DF23FE1031F698C50ED48095 /* Pods */,
				E88112E04A99E4720CE269DA /* Frameworks */,
			);
			sourceTree = "<group>";
		};
		09CCB28D24A77C0000EF78EA /* Products */ = {
			isa = PBXGroup;
			children = (
				09CCB28C24A77C0000EF78EA /* GitHubUsersApp.app */,
			);
			name = Products;
			sourceTree = "<group>";
		};
		09CCB28E24A77C0000EF78EA /* GitHubUsersApp */ = {
			isa = PBXGroup;
			children = (
				09CCB2C124AB33FD00EF78EA /* Utils */,
				09CCB2C024AB33E600EF78EA /* Cells */,
				09CCB2BF24AB330300EF78EA /* Managers */,
				09CCB2BE24AB32C900EF78EA /* Controllers */,
				09CCB2AF24A7FA4000EF78EA /* Models */,
				09CCB28F24A77C0000EF78EA /* AppDelegate.swift */,
				09CCB29124A77C0000EF78EA /* SceneDelegate.swift */,
				09CCB29524A77C0000EF78EA /* Main.storyboard */,
				09CCB29824A77C0200EF78EA /* Assets.xcassets */,
				09CCB29A24A77C0200EF78EA /* LaunchScreen.storyboard */,
				09CCB29D24A77C0200EF78EA /* Info.plist */,
				09CCB2A924A7D9E400EF78EA /* Endpoints.swift */,
			);
			path = GitHubUsersApp;
			sourceTree = "<group>";
		};
		09CCB2AF24A7FA4000EF78EA /* Models */ = {
			isa = PBXGroup;
			children = (
				09CCB2AB24A7E91100EF78EA /* UserTableModel.swift */,
				09CCB2AD24A7F7D600EF78EA /* UserDetailsModel.swift */,
			);
			path = Models;
			sourceTree = "<group>";
		};
		09CCB2BE24AB32C900EF78EA /* Controllers */ = {
			isa = PBXGroup;
			children = (
				09CCB2A324A781F900EF78EA /* UsersListController.swift */,
				09CCB2B024A8F09500EF78EA /* DetailsViewController.swift */,
				09CCB2B424A913C200EF78EA /* UserSplitViewController.swift */,
			);
			path = Controllers;
			sourceTree = "<group>";
		};
		09CCB2BF24AB330300EF78EA /* Managers */ = {
			isa = PBXGroup;
			children = (
				09CCB2B824A9E8D500EF78EA /* InternetConnectionManager.swift */,
				09CCB2A724A7D6FE00EF78EA /* ServiceManager.swift */,
			);
			path = Managers;
			sourceTree = "<group>";
		};
		09CCB2C024AB33E600EF78EA /* Cells */ = {
			isa = PBXGroup;
			children = (
				09CCB2A524A7865C00EF78EA /* GitHubUserCell.swift */,
			);
			path = Cells;
			sourceTree = "<group>";
		};
		09CCB2C124AB33FD00EF78EA /* Utils */ = {
			isa = PBXGroup;
			children = (
				09CCB2B624A9567600EF78EA /* Utils.swift */,
				09CCB2BA24AA1ED100EF78EA /* String+Extensions.swift */,
			);
			path = Utils;
			sourceTree = "<group>";
		};
		DF23FE1031F698C50ED48095 /* Pods */ = {
			isa = PBXGroup;
			children = (
				F87FA36E00396DF264F63EE6 /* Pods-GitHubUsersApp.debug.xcconfig */,
				7910AFE56D8F12BC205AC582 /* Pods-GitHubUsersApp.release.xcconfig */,
			);
			path = Pods;
			sourceTree = "<group>";
		};
		E88112E04A99E4720CE269DA /* Frameworks */ = {
			isa = PBXGroup;
			children = (
				B633CCA4E52F7C318ACEE960 /* Pods_GitHubUsersApp.framework */,
			);
			name = Frameworks;
			sourceTree = "<group>";
		};
/* End PBXGroup section */

/* Begin PBXNativeTarget section */
		09CCB28B24A77C0000EF78EA /* GitHubUsersApp */ = {
			isa = PBXNativeTarget;
			buildConfigurationList = 09CCB2A024A77C0200EF78EA /* Build configuration list for PBXNativeTarget "GitHubUsersApp" */;
			buildPhases = (
				2C02BFA31DC1C625A47E3A73 /* [CP] Check Pods Manifest.lock */,
				09CCB28824A77C0000EF78EA /* Sources */,
				09CCB28924A77C0000EF78EA /* Frameworks */,
				09CCB28A24A77C0000EF78EA /* Resources */,
				8ABAB755BBEF4E363D758FDF /* [CP] Embed Pods Frameworks */,
			);
			buildRules = (
			);
			dependencies = (
			);
			name = GitHubUsersApp;
			productName = GitHubUsersApp;
			productReference = 09CCB28C24A77C0000EF78EA /* GitHubUsersApp.app */;
			productType = "com.apple.product-type.application";
		};
/* End PBXNativeTarget section */

/* Begin PBXProject section */
		09CCB28424A77C0000EF78EA /* Project object */ = {
			isa = PBXProject;
			attributes = {
				LastSwiftUpdateCheck = 1140;
				LastUpgradeCheck = 1140;
				ORGANIZATIONNAME = "Karolczyk, Maciej";
				TargetAttributes = {
					09CCB28B24A77C0000EF78EA = {
						CreatedOnToolsVersion = 11.4.1;
					};
				};
			};
			buildConfigurationList = 09CCB28724A77C0000EF78EA /* Build configuration list for PBXProject "GitHubUsersApp" */;
			compatibilityVersion = "Xcode 9.3";
			developmentRegion = en;
			hasScannedForEncodings = 0;
			knownRegions = (
				en,
				Base,
			);
			mainGroup = 09CCB28324A77C0000EF78EA;
			productRefGroup = 09CCB28D24A77C0000EF78EA /* Products */;
			projectDirPath = "";
			projectRoot = "";
			targets = (
				09CCB28B24A77C0000EF78EA /* GitHubUsersApp */,
			);
		};
/* End PBXProject section */

/* Begin PBXResourcesBuildPhase section */
		09CCB28A24A77C0000EF78EA /* Resources */ = {
			isa = PBXResourcesBuildPhase;
			buildActionMask = 2147483647;
			files = (
				09CCB29C24A77C0200EF78EA /* LaunchScreen.storyboard in Resources */,
				09CCB29924A77C0200EF78EA /* Assets.xcassets in Resources */,
				09CCB29724A77C0000EF78EA /* Main.storyboard in Resources */,
			);
			runOnlyForDeploymentPostprocessing = 0;
		};
/* End PBXResourcesBuildPhase section */

/* Begin PBXShellScriptBuildPhase section */
		2C02BFA31DC1C625A47E3A73 /* [CP] Check Pods Manifest.lock */ = {
			isa = PBXShellScriptBuildPhase;
			buildActionMask = 2147483647;
			files = (
			);
			inputFileListPaths = (
			);
			inputPaths = (
				"${PODS_PODFILE_DIR_PATH}/Podfile.lock",
				"${PODS_ROOT}/Manifest.lock",
			);
			name = "[CP] Check Pods Manifest.lock";
			outputFileListPaths = (
			);
			outputPaths = (
				"$(DERIVED_FILE_DIR)/Pods-GitHubUsersApp-checkManifestLockResult.txt",
			);
			runOnlyForDeploymentPostprocessing = 0;
			shellPath = /bin/sh;
			shellScript = "diff \"${PODS_PODFILE_DIR_PATH}/Podfile.lock\" \"${PODS_ROOT}/Manifest.lock\" > /dev/null\nif [ $? != 0 ] ; then\n    # print error to STDERR\n    echo \"error: The sandbox is not in sync with the Podfile.lock. Run 'pod install' or update your CocoaPods installation.\" >&2\n    exit 1\nfi\n# This output is used by Xcode 'outputs' to avoid re-running this script phase.\necho \"SUCCESS\" > \"${SCRIPT_OUTPUT_FILE_0}\"\n";
			showEnvVarsInLog = 0;
		};
		8ABAB755BBEF4E363D758FDF /* [CP] Embed Pods Frameworks */ = {
			isa = PBXShellScriptBuildPhase;
			buildActionMask = 2147483647;
			files = (
			);
			inputFileListPaths = (
				"${PODS_ROOT}/Target Support Files/Pods-GitHubUsersApp/Pods-GitHubUsersApp-frameworks-${CONFIGURATION}-input-files.xcfilelist",
			);
			name = "[CP] Embed Pods Frameworks";
			outputFileListPaths = (
				"${PODS_ROOT}/Target Support Files/Pods-GitHubUsersApp/Pods-GitHubUsersApp-frameworks-${CONFIGURATION}-output-files.xcfilelist",
			);
			runOnlyForDeploymentPostprocessing = 0;
			shellPath = /bin/sh;
			shellScript = "\"${PODS_ROOT}/Target Support Files/Pods-GitHubUsersApp/Pods-GitHubUsersApp-frameworks.sh\"\n";
			showEnvVarsInLog = 0;
		};
/* End PBXShellScriptBuildPhase section */

/* Begin PBXSourcesBuildPhase section */
		09CCB28824A77C0000EF78EA /* Sources */ = {
			isa = PBXSourcesBuildPhase;
			buildActionMask = 2147483647;
			files = (
				09CCB2A824A7D6FE00EF78EA /* ServiceManager.swift in Sources */,
				09CCB2BB24AA1ED100EF78EA /* String+Extensions.swift in Sources */,
				09CCB2AC24A7E91100EF78EA /* UserTableModel.swift in Sources */,
				09CCB2B124A8F09500EF78EA /* DetailsViewController.swift in Sources */,
				09CCB29024A77C0000EF78EA /* AppDelegate.swift in Sources */,
				09CCB2A624A7865C00EF78EA /* GitHubUserCell.swift in Sources */,
				09CCB2B524A913C200EF78EA /* UserSplitViewController.swift in Sources */,
				09CCB2B924A9E8D500EF78EA /* InternetConnectionManager.swift in Sources */,
				09CCB29224A77C0000EF78EA /* SceneDelegate.swift in Sources */,
				09CCB2B724A9567600EF78EA /* Utils.swift in Sources */,
				09CCB2AA24A7D9E400EF78EA /* Endpoints.swift in Sources */,
				09CCB2A424A781F900EF78EA /* UsersListController.swift in Sources */,
				09CCB2AE24A7F7D600EF78EA /* UserDetailsModel.swift in Sources */,
			);
			runOnlyForDeploymentPostprocessing = 0;
		};
/* End PBXSourcesBuildPhase section */

/* Begin PBXVariantGroup section */
		09CCB29524A77C0000EF78EA /* Main.storyboard */ = {
			isa = PBXVariantGroup;
			children = (
				09CCB29624A77C0000EF78EA /* Base */,
			);
			name = Main.storyboard;
			sourceTree = "<group>";
		};
		09CCB29A24A77C0200EF78EA /* LaunchScreen.storyboard */ = {
			isa = PBXVariantGroup;
			children = (
				09CCB29B24A77C0200EF78EA /* Base */,
			);
			name = LaunchScreen.storyboard;
			sourceTree = "<group>";
		};
/* End PBXVariantGroup section */

/* Begin XCBuildConfiguration section */
		09CCB29E24A77C0200EF78EA /* Debug */ = {
			isa = XCBuildConfiguration;
			buildSettings = {
				ALWAYS_SEARCH_USER_PATHS = NO;
				CLANG_ANALYZER_NONNULL = YES;
				CLANG_ANALYZER_NUMBER_OBJECT_CONVERSION = YES_AGGRESSIVE;
				CLANG_CXX_LANGUAGE_STANDARD = "gnu++14";
				CLANG_CXX_LIBRARY = "libc++";
				CLANG_ENABLE_MODULES = YES;
				CLANG_ENABLE_OBJC_ARC = YES;
				CLANG_ENABLE_OBJC_WEAK = YES;
				CLANG_WARN_BLOCK_CAPTURE_AUTORELEASING = YES;
				CLANG_WARN_BOOL_CONVERSION = YES;
				CLANG_WARN_COMMA = YES;
				CLANG_WARN_CONSTANT_CONVERSION = YES;
				CLANG_WARN_DEPRECATED_OBJC_IMPLEMENTATIONS = YES;
				CLANG_WARN_DIRECT_OBJC_ISA_USAGE = YES_ERROR;
				CLANG_WARN_DOCUMENTATION_COMMENTS = YES;
				CLANG_WARN_EMPTY_BODY = YES;
				CLANG_WARN_ENUM_CONVERSION = YES;
				CLANG_WARN_INFINITE_RECURSION = YES;
				CLANG_WARN_INT_CONVERSION = YES;
				CLANG_WARN_NON_LITERAL_NULL_CONVERSION = YES;
				CLANG_WARN_OBJC_IMPLICIT_RETAIN_SELF = YES;
				CLANG_WARN_OBJC_LITERAL_CONVERSION = YES;
				CLANG_WARN_OBJC_ROOT_CLASS = YES_ERROR;
				CLANG_WARN_RANGE_LOOP_ANALYSIS = YES;
				CLANG_WARN_STRICT_PROTOTYPES = YES;
				CLANG_WARN_SUSPICIOUS_MOVE = YES;
				CLANG_WARN_UNGUARDED_AVAILABILITY = YES_AGGRESSIVE;
				CLANG_WARN_UNREACHABLE_CODE = YES;
				CLANG_WARN__DUPLICATE_METHOD_MATCH = YES;
				COPY_PHASE_STRIP = NO;
				DEBUG_INFORMATION_FORMAT = dwarf;
				ENABLE_STRICT_OBJC_MSGSEND = YES;
				ENABLE_TESTABILITY = YES;
				GCC_C_LANGUAGE_STANDARD = gnu11;
				GCC_DYNAMIC_NO_PIC = NO;
				GCC_NO_COMMON_BLOCKS = YES;
				GCC_OPTIMIZATION_LEVEL = 0;
				GCC_PREPROCESSOR_DEFINITIONS = (
					"DEBUG=1",
					"$(inherited)",
				);
				GCC_WARN_64_TO_32_BIT_CONVERSION = YES;
				GCC_WARN_ABOUT_RETURN_TYPE = YES_ERROR;
				GCC_WARN_UNDECLARED_SELECTOR = YES;
				GCC_WARN_UNINITIALIZED_AUTOS = YES_AGGRESSIVE;
				GCC_WARN_UNUSED_FUNCTION = YES;
				GCC_WARN_UNUSED_VARIABLE = YES;
				IPHONEOS_DEPLOYMENT_TARGET = 13.4;
				MTL_ENABLE_DEBUG_INFO = INCLUDE_SOURCE;
				MTL_FAST_MATH = YES;
				ONLY_ACTIVE_ARCH = YES;
				SDKROOT = iphoneos;
				SWIFT_ACTIVE_COMPILATION_CONDITIONS = DEBUG;
				SWIFT_OPTIMIZATION_LEVEL = "-Onone";
			};
			name = Debug;
		};
		09CCB29F24A77C0200EF78EA /* Release */ = {
			isa = XCBuildConfiguration;
			buildSettings = {
				ALWAYS_SEARCH_USER_PATHS = NO;
				CLANG_ANALYZER_NONNULL = YES;
				CLANG_ANALYZER_NUMBER_OBJECT_CONVERSION = YES_AGGRESSIVE;
				CLANG_CXX_LANGUAGE_STANDARD = "gnu++14";
				CLANG_CXX_LIBRARY = "libc++";
				CLANG_ENABLE_MODULES = YES;
				CLANG_ENABLE_OBJC_ARC = YES;
				CLANG_ENABLE_OBJC_WEAK = YES;
				CLANG_WARN_BLOCK_CAPTURE_AUTORELEASING = YES;
				CLANG_WARN_BOOL_CONVERSION = YES;
				CLANG_WARN_COMMA = YES;
				CLANG_WARN_CONSTANT_CONVERSION = YES;
				CLANG_WARN_DEPRECATED_OBJC_IMPLEMENTATIONS = YES;
				CLANG_WARN_DIRECT_OBJC_ISA_USAGE = YES_ERROR;
				CLANG_WARN_DOCUMENTATION_COMMENTS = YES;
				CLANG_WARN_EMPTY_BODY = YES;
				CLANG_WARN_ENUM_CONVERSION = YES;
				CLANG_WARN_INFINITE_RECURSION = YES;
				CLANG_WARN_INT_CONVERSION = YES;
				CLANG_WARN_NON_LITERAL_NULL_CONVERSION = YES;
				CLANG_WARN_OBJC_IMPLICIT_RETAIN_SELF = YES;
				CLANG_WARN_OBJC_LITERAL_CONVERSION = YES;
				CLANG_WARN_OBJC_ROOT_CLASS = YES_ERROR;
				CLANG_WARN_RANGE_LOOP_ANALYSIS = YES;
				CLANG_WARN_STRICT_PROTOTYPES = YES;
				CLANG_WARN_SUSPICIOUS_MOVE = YES;
				CLANG_WARN_UNGUARDED_AVAILABILITY = YES_AGGRESSIVE;
				CLANG_WARN_UNREACHABLE_CODE = YES;
				CLANG_WARN__DUPLICATE_METHOD_MATCH = YES;
				COPY_PHASE_STRIP = NO;
				DEBUG_INFORMATION_FORMAT = "dwarf-with-dsym";
				ENABLE_NS_ASSERTIONS = NO;
				ENABLE_STRICT_OBJC_MSGSEND = YES;
				GCC_C_LANGUAGE_STANDARD = gnu11;
				GCC_NO_COMMON_BLOCKS = YES;
				GCC_WARN_64_TO_32_BIT_CONVERSION = YES;
				GCC_WARN_ABOUT_RETURN_TYPE = YES_ERROR;
				GCC_WARN_UNDECLARED_SELECTOR = YES;
				GCC_WARN_UNINITIALIZED_AUTOS = YES_AGGRESSIVE;
				GCC_WARN_UNUSED_FUNCTION = YES;
				GCC_WARN_UNUSED_VARIABLE = YES;
				IPHONEOS_DEPLOYMENT_TARGET = 13.4;
				MTL_ENABLE_DEBUG_INFO = NO;
				MTL_FAST_MATH = YES;
				SDKROOT = iphoneos;
				SWIFT_COMPILATION_MODE = wholemodule;
				SWIFT_OPTIMIZATION_LEVEL = "-O";
				VALIDATE_PRODUCT = YES;
			};
			name = Release;
		};
		09CCB2A124A77C0200EF78EA /* Debug */ = {
			isa = XCBuildConfiguration;
			baseConfigurationReference = F87FA36E00396DF264F63EE6 /* Pods-GitHubUsersApp.debug.xcconfig */;
			buildSettings = {
				ASSETCATALOG_COMPILER_APPICON_NAME = AppIcon;
				CODE_SIGN_STYLE = Automatic;
				DEVELOPMENT_TEAM = Q9QCT4ZGZ6;
				INFOPLIST_FILE = GitHubUsersApp/Info.plist;
				LD_RUNPATH_SEARCH_PATHS = (
					"$(inherited)",
					"@executable_path/Frameworks",
				);
				PRODUCT_BUNDLE_IDENTIFIER = Karolczyk.GitHubUsersApp;
				PRODUCT_NAME = "$(TARGET_NAME)";
				SWIFT_VERSION = 5.0;
				TARGETED_DEVICE_FAMILY = "1,2";
			};
			name = Debug;
		};
		09CCB2A224A77C0200EF78EA /* Release */ = {
			isa = XCBuildConfiguration;
			baseConfigurationReference = 7910AFE56D8F12BC205AC582 /* Pods-GitHubUsersApp.release.xcconfig */;
			buildSettings = {
				ASSETCATALOG_COMPILER_APPICON_NAME = AppIcon;
				CODE_SIGN_STYLE = Automatic;
				DEVELOPMENT_TEAM = Q9QCT4ZGZ6;
				INFOPLIST_FILE = GitHubUsersApp/Info.plist;
				LD_RUNPATH_SEARCH_PATHS = (
					"$(inherited)",
					"@executable_path/Frameworks",
				);
				PRODUCT_BUNDLE_IDENTIFIER = Karolczyk.GitHubUsersApp;
				PRODUCT_NAME = "$(TARGET_NAME)";
				SWIFT_VERSION = 5.0;
				TARGETED_DEVICE_FAMILY = "1,2";
			};
			name = Release;
		};
/* End XCBuildConfiguration section */

/* Begin XCConfigurationList section */
		09CCB28724A77C0000EF78EA /* Build configuration list for PBXProject "GitHubUsersApp" */ = {
			isa = XCConfigurationList;
			buildConfigurations = (
				09CCB29E24A77C0200EF78EA /* Debug */,
				09CCB29F24A77C0200EF78EA /* Release */,
			);
			defaultConfigurationIsVisible = 0;
			defaultConfigurationName = Release;
		};
		09CCB2A024A77C0200EF78EA /* Build configuration list for PBXNativeTarget "GitHubUsersApp" */ = {
			isa = XCConfigurationList;
			buildConfigurations = (
				09CCB2A124A77C0200EF78EA /* Debug */,
				09CCB2A224A77C0200EF78EA /* Release */,
			);
			defaultConfigurationIsVisible = 0;
			defaultConfigurationName = Release;
		};
/* End XCConfigurationList section */
	};
	rootObject = 09CCB28424A77C0000EF78EA /* Project object */;
}
